
Microsoft Visual Studio Solution File, Format Version 12.00
# Visual Studio Version 16
VisualStudioVersion = 16.0.29905.134
MinimumVisualStudioVersion = 10.0.40219.1
Project("{888888A0-9F3D-457C-B088-3A5042F75D52}") = "Jobbo", "Jobbo\Jobbo.pyproj", "{2362FB8B-6541-47CD-8D64-0D936193735A}"
EndProject
Global
	GlobalSection(SolutionConfigurationPlatforms) = preSolution
		Debug|Any CPU = Debug|Any CPU
		Release|Any CPU = Release|Any CPU
	EndGlobalSection
	GlobalSection(ProjectConfigurationPlatforms) = postSolution
		{2362FB8B-6541-47CD-8D64-0D936193735A}.Debug|Any CPU.ActiveCfg = Debug|Any CPU
		{2362FB8B-6541-47CD-8D64-0D936193735A}.Debug|Any CPU.Build.0 = Debug|Any CPU
		{2362FB8B-6541-47CD-8D64-0D936193735A}.Release|Any CPU.ActiveCfg = Release|Any CPU
		{2362FB8B-6541-47CD-8D64-0D936193735A}.Release|Any CPU.Build.0 = Release|Any CPU
	EndGlobalSection
	GlobalSection(SolutionProperties) = preSolution
		HideSolutionNode = FALSE
	EndGlobalSection
	GlobalSection(ExtensibilityGlobals) = postSolution
		SolutionGuid = {D01C2D9A-BE8A-4544-82D3-7A57B1E5D251}
	EndGlobalSection
EndGlobal
